// !$*UTF8*$!
{
	archiveVersion = 1;
	classes = {
	};
	objectVersion = 46;
	objects = {

/* Begin PBXBuildFile section */
		843179B31CB929A700A9D7AD /* Review.m in Sources */ = {isa = PBXBuildFile; fileRef = 843179B21CB929A700A9D7AD /* Review.m */; };
		843179B61CB92A6C00A9D7AD /* Profile.m in Sources */ = {isa = PBXBuildFile; fileRef = 843179B51CB92A6C00A9D7AD /* Profile.m */; };
		843179B91CB92ADD00A9D7AD /* Message.m in Sources */ = {isa = PBXBuildFile; fileRef = 843179B81CB92ADD00A9D7AD /* Message.m */; };
		843179BC1CB9434200A9D7AD /* HCSStarRatingView.m in Sources */ = {isa = PBXBuildFile; fileRef = 843179BB1CB9434200A9D7AD /* HCSStarRatingView.m */; };
		84C5B1271C929532001261BF /* main.m in Sources */ = {isa = PBXBuildFile; fileRef = 84C5B1261C929532001261BF /* main.m */; };
		84C5B12A1C929532001261BF /* AppDelegate.m in Sources */ = {isa = PBXBuildFile; fileRef = 84C5B1291C929532001261BF /* AppDelegate.m */; };
		84C5B12D1C929532001261BF /* ViewController.m in Sources */ = {isa = PBXBuildFile; fileRef = 84C5B12C1C929532001261BF /* ViewController.m */; };
		84C5B1301C929532001261BF /* Main.storyboard in Resources */ = {isa = PBXBuildFile; fileRef = 84C5B12E1C929532001261BF /* Main.storyboard */; };
		84C5B1321C929532001261BF /* Assets.xcassets in Resources */ = {isa = PBXBuildFile; fileRef = 84C5B1311C929532001261BF /* Assets.xcassets */; };
		84C5B1351C929532001261BF /* LaunchScreen.storyboard in Resources */ = {isa = PBXBuildFile; fileRef = 84C5B1331C929532001261BF /* LaunchScreen.storyboard */; };
		84C5B13D1C929DB4001261BF /* MapKit.framework in Frameworks */ = {isa = PBXBuildFile; fileRef = 84C5B13C1C929DB4001261BF /* MapKit.framework */; };
		84EDDCAD1CB8EFBA0019CF36 /* Place.m in Sources */ = {isa = PBXBuildFile; fileRef = 84EDDCAC1CB8EFBA0019CF36 /* Place.m */; };
		84EE10431CAFA9880074ADA7 /* SettingsTableViewController.m in Sources */ = {isa = PBXBuildFile; fileRef = 84EE10421CAFA9880074ADA7 /* SettingsTableViewController.m */; };
		CD4ACAE61CAD22A90024EDA2 /* ProfileViewController.m in Sources */ = {isa = PBXBuildFile; fileRef = CD4ACAE51CAD22A90024EDA2 /* ProfileViewController.m */; };
		CD4ACAE91CAD22BB0024EDA2 /* AddPlacesViewController.m in Sources */ = {isa = PBXBuildFile; fileRef = CD4ACAE81CAD22BB0024EDA2 /* AddPlacesViewController.m */; };
/* End PBXBuildFile section */

/* Begin PBXFileReference section */
		843179B11CB929A700A9D7AD /* Review.h */ = {isa = PBXFileReference; fileEncoding = 4; lastKnownFileType = sourcecode.c.h; path = Review.h; sourceTree = "<group>"; };
		843179B21CB929A700A9D7AD /* Review.m */ = {isa = PBXFileReference; fileEncoding = 4; lastKnownFileType = sourcecode.c.objc; path = Review.m; sourceTree = "<group>"; };
		843179B41CB92A6C00A9D7AD /* Profile.h */ = {isa = PBXFileReference; fileEncoding = 4; lastKnownFileType = sourcecode.c.h; path = Profile.h; sourceTree = "<group>"; };
		843179B51CB92A6C00A9D7AD /* Profile.m */ = {isa = PBXFileReference; fileEncoding = 4; lastKnownFileType = sourcecode.c.objc; path = Profile.m; sourceTree = "<group>"; };
		843179B71CB92ADD00A9D7AD /* Message.h */ = {isa = PBXFileReference; fileEncoding = 4; lastKnownFileType = sourcecode.c.h; path = Message.h; sourceTree = "<group>"; };
		843179B81CB92ADD00A9D7AD /* Message.m */ = {isa = PBXFileReference; fileEncoding = 4; lastKnownFileType = sourcecode.c.objc; path = Message.m; sourceTree = "<group>"; };
		843179BA1CB9434200A9D7AD /* HCSStarRatingView.h */ = {isa = PBXFileReference; fileEncoding = 4; lastKnownFileType = sourcecode.c.h; name = HCSStarRatingView.h; path = mPlaces/Views/HCSStarRatingView.h; sourceTree = SOURCE_ROOT; };
		843179BB1CB9434200A9D7AD /* HCSStarRatingView.m */ = {isa = PBXFileReference; fileEncoding = 4; lastKnownFileType = sourcecode.c.objc; name = HCSStarRatingView.m; path = mPlaces/Views/HCSStarRatingView.m; sourceTree = SOURCE_ROOT; };
		84C5B1221C929532001261BF /* mPlaces.app */ = {isa = PBXFileReference; explicitFileType = wrapper.application; includeInIndex = 0; path = mPlaces.app; sourceTree = BUILT_PRODUCTS_DIR; };
		84C5B1261C929532001261BF /* main.m */ = {isa = PBXFileReference; lastKnownFileType = sourcecode.c.objc; path = main.m; sourceTree = "<group>"; };
		84C5B1281C929532001261BF /* AppDelegate.h */ = {isa = PBXFileReference; lastKnownFileType = sourcecode.c.h; path = AppDelegate.h; sourceTree = "<group>"; };
		84C5B1291C929532001261BF /* AppDelegate.m */ = {isa = PBXFileReference; lastKnownFileType = sourcecode.c.objc; path = AppDelegate.m; sourceTree = "<group>"; };
		84C5B12B1C929532001261BF /* ViewController.h */ = {isa = PBXFileReference; lastKnownFileType = sourcecode.c.h; name = ViewController.h; path = ../ViewController.h; sourceTree = "<group>"; };
		84C5B12C1C929532001261BF /* ViewController.m */ = {isa = PBXFileReference; lastKnownFileType = sourcecode.c.objc; name = ViewController.m; path = ../ViewController.m; sourceTree = "<group>"; };
		84C5B12F1C929532001261BF /* Base */ = {isa = PBXFileReference; lastKnownFileType = file.storyboard; name = Base; path = Base.lproj/Main.storyboard; sourceTree = "<group>"; };
		84C5B1311C929532001261BF /* Assets.xcassets */ = {isa = PBXFileReference; lastKnownFileType = folder.assetcatalog; path = Assets.xcassets; sourceTree = "<group>"; };
		84C5B1341C929532001261BF /* Base */ = {isa = PBXFileReference; lastKnownFileType = file.storyboard; name = Base; path = Base.lproj/LaunchScreen.storyboard; sourceTree = "<group>"; };
		84C5B1361C929532001261BF /* Info.plist */ = {isa = PBXFileReference; lastKnownFileType = text.plist.xml; path = Info.plist; sourceTree = "<group>"; };
		84C5B13C1C929DB4001261BF /* MapKit.framework */ = {isa = PBXFileReference; lastKnownFileType = wrapper.framework; name = MapKit.framework; path = System/Library/Frameworks/MapKit.framework; sourceTree = SDKROOT; };
		84EDDCAB1CB8EFBA0019CF36 /* Place.h */ = {isa = PBXFileReference; fileEncoding = 4; lastKnownFileType = sourcecode.c.h; path = Place.h; sourceTree = "<group>"; };
		84EDDCAC1CB8EFBA0019CF36 /* Place.m */ = {isa = PBXFileReference; fileEncoding = 4; lastKnownFileType = sourcecode.c.objc; path = Place.m; sourceTree = "<group>"; };
		84EE10411CAFA9880074ADA7 /* SettingsTableViewController.h */ = {isa = PBXFileReference; fileEncoding = 4; lastKnownFileType = sourcecode.c.h; path = SettingsTableViewController.h; sourceTree = "<group>"; };
		84EE10421CAFA9880074ADA7 /* SettingsTableViewController.m */ = {isa = PBXFileReference; fileEncoding = 4; lastKnownFileType = sourcecode.c.objc; path = SettingsTableViewController.m; sourceTree = "<group>"; };
		CD4ACAE41CAD22A90024EDA2 /* ProfileViewController.h */ = {isa = PBXFileReference; fileEncoding = 4; lastKnownFileType = sourcecode.c.h; path = ProfileViewController.h; sourceTree = "<group>"; };
		CD4ACAE51CAD22A90024EDA2 /* ProfileViewController.m */ = {isa = PBXFileReference; fileEncoding = 4; lastKnownFileType = sourcecode.c.objc; path = ProfileViewController.m; sourceTree = "<group>"; };
		CD4ACAE71CAD22BB0024EDA2 /* AddPlacesViewController.h */ = {isa = PBXFileReference; fileEncoding = 4; lastKnownFileType = sourcecode.c.h; path = AddPlacesViewController.h; sourceTree = "<group>"; };
		CD4ACAE81CAD22BB0024EDA2 /* AddPlacesViewController.m */ = {isa = PBXFileReference; fileEncoding = 4; lastKnownFileType = sourcecode.c.objc; path = AddPlacesViewController.m; sourceTree = "<group>"; };
/* End PBXFileReference section */

/* Begin PBXFrameworksBuildPhase section */
		84C5B11F1C929532001261BF /* Frameworks */ = {
			isa = PBXFrameworksBuildPhase;
			buildActionMask = 2147483647;
			files = (
				84C5B13D1C929DB4001261BF /* MapKit.framework in Frameworks */,
			);
			runOnlyForDeploymentPostprocessing = 0;
		};
/* End PBXFrameworksBuildPhase section */

/* Begin PBXGroup section */
		8410F89C1C99D336006AB895 /* images */ = {
			isa = PBXGroup;
			children = (
			);
			path = images;
			sourceTree = "<group>";
		};
		84C5B1191C929532001261BF = {
			isa = PBXGroup;
			children = (
				84C5B13C1C929DB4001261BF /* MapKit.framework */,
				84C5B1241C929532001261BF /* mPlaces */,
				84C5B1231C929532001261BF /* Products */,
			);
			sourceTree = "<group>";
		};
		84C5B1231C929532001261BF /* Products */ = {
			isa = PBXGroup;
			children = (
				84C5B1221C929532001261BF /* mPlaces.app */,
			);
			name = Products;
			sourceTree = "<group>";
		};
		84C5B1241C929532001261BF /* mPlaces */ = {
			isa = PBXGroup;
			children = (
				CD4ACAEA1CAD23A20024EDA2 /* Model */,
				CD4ACAEB1CAD23A20024EDA2 /* Service */,
				CD4ACAEC1CAD23A20024EDA2 /* Utils */,
				CD4ACAED1CAD23A20024EDA2 /* View */,
				CD4ACAE31CAD1F150024EDA2 /* Controller */,
				84C5B1281C929532001261BF /* AppDelegate.h */,
				84C5B1291C929532001261BF /* AppDelegate.m */,
				84C5B12E1C929532001261BF /* Main.storyboard */,
				84C5B1311C929532001261BF /* Assets.xcassets */,
				84C5B1331C929532001261BF /* LaunchScreen.storyboard */,
				84C5B1361C929532001261BF /* Info.plist */,
				84C5B1251C929532001261BF /* Supporting Files */,
			);
			path = mPlaces;
			sourceTree = "<group>";
		};
		84C5B1251C929532001261BF /* Supporting Files */ = {
			isa = PBXGroup;
			children = (
				8410F89C1C99D336006AB895 /* images */,
				84C5B1261C929532001261BF /* main.m */,
			);
			name = "Supporting Files";
			sourceTree = "<group>";
		};
		CD4ACAE31CAD1F150024EDA2 /* Controller */ = {
			isa = PBXGroup;
			children = (
				84C5B12B1C929532001261BF /* ViewController.h */,
				84C5B12C1C929532001261BF /* ViewController.m */,
				CD4ACAE41CAD22A90024EDA2 /* ProfileViewController.h */,
				CD4ACAE51CAD22A90024EDA2 /* ProfileViewController.m */,
				CD4ACAE71CAD22BB0024EDA2 /* AddPlacesViewController.h */,
				CD4ACAE81CAD22BB0024EDA2 /* AddPlacesViewController.m */,
				84EE10411CAFA9880074ADA7 /* SettingsTableViewController.h */,
				84EE10421CAFA9880074ADA7 /* SettingsTableViewController.m */,
			);
			path = Controller;
			sourceTree = "<group>";
		};
		CD4ACAEA1CAD23A20024EDA2 /* Model */ = {
			isa = PBXGroup;
			children = (
				84EDDCAB1CB8EFBA0019CF36 /* Place.h */,
				84EDDCAC1CB8EFBA0019CF36 /* Place.m */,
				843179B11CB929A700A9D7AD /* Review.h */,
				843179B21CB929A700A9D7AD /* Review.m */,
				843179B41CB92A6C00A9D7AD /* Profile.h */,
				843179B51CB92A6C00A9D7AD /* Profile.m */,
				843179B71CB92ADD00A9D7AD /* Message.h */,
				843179B81CB92ADD00A9D7AD /* Message.m */,
			);
			path = Model;
			sourceTree = "<group>";
		};
		CD4ACAEB1CAD23A20024EDA2 /* Service */ = {
			isa = PBXGroup;
			children = (
			);
			path = Service;
			sourceTree = "<group>";
		};
		CD4ACAEC1CAD23A20024EDA2 /* Utils */ = {
			isa = PBXGroup;
			children = (
			);
			path = Utils;
			sourceTree = "<group>";
		};
		CD4ACAED1CAD23A20024EDA2 /* View */ = {
			isa = PBXGroup;
			children = (
				843179BA1CB9434200A9D7AD /* HCSStarRatingView.h */,
				843179BB1CB9434200A9D7AD /* HCSStarRatingView.m */,
			);
			path = View;
			sourceTree = "<group>";
		};
/* End PBXGroup section */

/* Begin PBXNativeTarget section */
		84C5B1211C929532001261BF /* mPlaces */ = {
			isa = PBXNativeTarget;
			buildConfigurationList = 84C5B1391C929532001261BF /* Build configuration list for PBXNativeTarget "mPlaces" */;
			buildPhases = (
				84C5B11E1C929532001261BF /* Sources */,
				84C5B11F1C929532001261BF /* Frameworks */,
				84C5B1201C929532001261BF /* Resources */,
			);
			buildRules = (
			);
			dependencies = (
			);
			name = mPlaces;
			productName = mPlaces;
			productReference = 84C5B1221C929532001261BF /* mPlaces.app */;
			productType = "com.apple.product-type.application";
		};
/* End PBXNativeTarget section */

/* Begin PBXProject section */
		84C5B11A1C929532001261BF /* Project object */ = {
			isa = PBXProject;
			attributes = {
				LastUpgradeCheck = 0720;
				ORGANIZATIONNAME = Anik;
				TargetAttributes = {
					84C5B1211C929532001261BF = {
						CreatedOnToolsVersion = 7.2.1;
					};
				};
			};
			buildConfigurationList = 84C5B11D1C929532001261BF /* Build configuration list for PBXProject "mPlaces" */;
			compatibilityVersion = "Xcode 3.2";
			developmentRegion = English;
			hasScannedForEncodings = 0;
			knownRegions = (
				en,
				Base,
			);
			mainGroup = 84C5B1191C929532001261BF;
			productRefGroup = 84C5B1231C929532001261BF /* Products */;
			projectDirPath = "";
			projectRoot = "";
			targets = (
				84C5B1211C929532001261BF /* mPlaces */,
			);
		};
/* End PBXProject section */

/* Begin PBXResourcesBuildPhase section */
		84C5B1201C929532001261BF /* Resources */ = {
			isa = PBXResourcesBuildPhase;
			buildActionMask = 2147483647;
			files = (
				84C5B1351C929532001261BF /* LaunchScreen.storyboard in Resources */,
				84C5B1321C929532001261BF /* Assets.xcassets in Resources */,
				84C5B1301C929532001261BF /* Main.storyboard in Resources */,
			);
			runOnlyForDeploymentPostprocessing = 0;
		};
/* End PBXResourcesBuildPhase section */

/* Begin PBXSourcesBuildPhase section */
		84C5B11E1C929532001261BF /* Sources */ = {
			isa = PBXSourcesBuildPhase;
			buildActionMask = 2147483647;
			files = (
				84EE10431CAFA9880074ADA7 /* SettingsTableViewController.m in Sources */,
				CD4ACAE91CAD22BB0024EDA2 /* AddPlacesViewController.m in Sources */,
				84EDDCAD1CB8EFBA0019CF36 /* Place.m in Sources */,
				843179B61CB92A6C00A9D7AD /* Profile.m in Sources */,
				84C5B12D1C929532001261BF /* ViewController.m in Sources */,
				84C5B12A1C929532001261BF /* AppDelegate.m in Sources */,
				843179B31CB929A700A9D7AD /* Review.m in Sources */,
				843179B91CB92ADD00A9D7AD /* Message.m in Sources */,
				CD4ACAE61CAD22A90024EDA2 /* ProfileViewController.m in Sources */,
				843179BC1CB9434200A9D7AD /* HCSStarRatingView.m in Sources */,
				84C5B1271C929532001261BF /* main.m in Sources */,
			);
			runOnlyForDeploymentPostprocessing = 0;
		};
/* End PBXSourcesBuildPhase section */

/* Begin PBXVariantGroup section */
		84C5B12E1C929532001261BF /* Main.storyboard */ = {
			isa = PBXVariantGroup;
			children = (
				84C5B12F1C929532001261BF /* Base */,
			);
			name = Main.storyboard;
			sourceTree = "<group>";
		};
		84C5B1331C929532001261BF /* LaunchScreen.storyboard */ = {
			isa = PBXVariantGroup;
			children = (
				84C5B1341C929532001261BF /* Base */,
			);
			name = LaunchScreen.storyboard;
			sourceTree = "<group>";
		};
/* End PBXVariantGroup section */

/* Begin XCBuildConfiguration section */
		84C5B1371C929532001261BF /* Debug */ = {
			isa = XCBuildConfiguration;
			buildSettings = {
				ALWAYS_SEARCH_USER_PATHS = NO;
				CLANG_CXX_LANGUAGE_STANDARD = "gnu++0x";
				CLANG_CXX_LIBRARY = "libc++";
				CLANG_ENABLE_MODULES = YES;
				CLANG_ENABLE_OBJC_ARC = YES;
				CLANG_WARN_BOOL_CONVERSION = YES;
				CLANG_WARN_CONSTANT_CONVERSION = YES;
				CLANG_WARN_DIRECT_OBJC_ISA_USAGE = YES_ERROR;
				CLANG_WARN_EMPTY_BODY = YES;
				CLANG_WARN_ENUM_CONVERSION = YES;
				CLANG_WARN_INT_CONVERSION = YES;
				CLANG_WARN_OBJC_ROOT_CLASS = YES_ERROR;
				CLANG_WARN_UNREACHABLE_CODE = YES;
				CLANG_WARN__DUPLICATE_METHOD_MATCH = YES;
				"CODE_SIGN_IDENTITY[sdk=iphoneos*]" = "iPhone Developer";
				COPY_PHASE_STRIP = NO;
				DEBUG_INFORMATION_FORMAT = dwarf;
				ENABLE_STRICT_OBJC_MSGSEND = YES;
				ENABLE_TESTABILITY = YES;
				GCC_C_LANGUAGE_STANDARD = gnu99;
				GCC_DYNAMIC_NO_PIC = NO;
				GCC_NO_COMMON_BLOCKS = YES;
				GCC_OPTIMIZATION_LEVEL = 0;
				GCC_PREPROCESSOR_DEFINITIONS = (
					"DEBUG=1",
					"$(inherited)",
				);
				GCC_WARN_64_TO_32_BIT_CONVERSION = YES;
				GCC_WARN_ABOUT_RETURN_TYPE = YES_ERROR;
				GCC_WARN_UNDECLARED_SELECTOR = YES;
				GCC_WARN_UNINITIALIZED_AUTOS = YES_AGGRESSIVE;
				GCC_WARN_UNUSED_FUNCTION = YES;
				GCC_WARN_UNUSED_VARIABLE = YES;
				IPHONEOS_DEPLOYMENT_TARGET = 9.2;
				MTL_ENABLE_DEBUG_INFO = YES;
				ONLY_ACTIVE_ARCH = YES;
				SDKROOT = iphoneos;
			};
			name = Debug;
		};
		84C5B1381C929532001261BF /* Release */ = {
			isa = XCBuildConfiguration;
			buildSettings = {
				ALWAYS_SEARCH_USER_PATHS = NO;
				CLANG_CXX_LANGUAGE_STANDARD = "gnu++0x";
				CLANG_CXX_LIBRARY = "libc++";
				CLANG_ENABLE_MODULES = YES;
				CLANG_ENABLE_OBJC_ARC = YES;
				CLANG_WARN_BOOL_CONVERSION = YES;
				CLANG_WARN_CONSTANT_CONVERSION = YES;
				CLANG_WARN_DIRECT_OBJC_ISA_USAGE = YES_ERROR;
				CLANG_WARN_EMPTY_BODY = YES;
				CLANG_WARN_ENUM_CONVERSION = YES;
				CLANG_WARN_INT_CONVERSION = YES;
				CLANG_WARN_OBJC_ROOT_CLASS = YES_ERROR;
				CLANG_WARN_UNREACHABLE_CODE = YES;
				CLANG_WARN__DUPLICATE_METHOD_MATCH = YES;
				"CODE_SIGN_IDENTITY[sdk=iphoneos*]" = "iPhone Developer";
				COPY_PHASE_STRIP = NO;
				DEBUG_INFORMATION_FORMAT = "dwarf-with-dsym";
				ENABLE_NS_ASSERTIONS = NO;
				ENABLE_STRICT_OBJC_MSGSEND = YES;
				GCC_C_LANGUAGE_STANDARD = gnu99;
				GCC_NO_COMMON_BLOCKS = YES;
				GCC_WARN_64_TO_32_BIT_CONVERSION = YES;
				GCC_WARN_ABOUT_RETURN_TYPE = YES_ERROR;
				GCC_WARN_UNDECLARED_SELECTOR = YES;
				GCC_WARN_UNINITIALIZED_AUTOS = YES_AGGRESSIVE;
				GCC_WARN_UNUSED_FUNCTION = YES;
				GCC_WARN_UNUSED_VARIABLE = YES;
				IPHONEOS_DEPLOYMENT_TARGET = 9.2;
				MTL_ENABLE_DEBUG_INFO = NO;
				SDKROOT = iphoneos;
				VALIDATE_PRODUCT = YES;
			};
			name = Release;
		};
		84C5B13A1C929532001261BF /* Debug */ = {
			isa = XCBuildConfiguration;
			buildSettings = {
				ASSETCATALOG_COMPILER_APPICON_NAME = AppIcon;
				INFOPLIST_FILE = mPlaces/Info.plist;
				IPHONEOS_DEPLOYMENT_TARGET = 9.0;
				LD_RUNPATH_SEARCH_PATHS = "$(inherited) @executable_path/Frameworks";
				PRODUCT_BUNDLE_IDENTIFIER = com.anik.mPlaces;
				PRODUCT_NAME = "$(TARGET_NAME)";
			};
			name = Debug;
		};
		84C5B13B1C929532001261BF /* Release */ = {
			isa = XCBuildConfiguration;
			buildSettings = {
				ASSETCATALOG_COMPILER_APPICON_NAME = AppIcon;
				INFOPLIST_FILE = mPlaces/Info.plist;
				IPHONEOS_DEPLOYMENT_TARGET = 9.0;
				LD_RUNPATH_SEARCH_PATHS = "$(inherited) @executable_path/Frameworks";
				PRODUCT_BUNDLE_IDENTIFIER = com.anik.mPlaces;
				PRODUCT_NAME = "$(TARGET_NAME)";
			};
			name = Release;
		};
/* End XCBuildConfiguration section */

/* Begin XCConfigurationList section */
		84C5B11D1C929532001261BF /* Build configuration list for PBXProject "mPlaces" */ = {
			isa = XCConfigurationList;
			buildConfigurations = (
				84C5B1371C929532001261BF /* Debug */,
				84C5B1381C929532001261BF /* Release */,
			);
			defaultConfigurationIsVisible = 0;
			defaultConfigurationName = Release;
		};
		84C5B1391C929532001261BF /* Build configuration list for PBXNativeTarget "mPlaces" */ = {
			isa = XCConfigurationList;
			buildConfigurations = (
				84C5B13A1C929532001261BF /* Debug */,
				84C5B13B1C929532001261BF /* Release */,
			);
			defaultConfigurationIsVisible = 0;
			defaultConfigurationName = Release;
		};
/* End XCConfigurationList section */
	};
	rootObject = 84C5B11A1C929532001261BF /* Project object */;
}
